
Microsoft Visual Studio Solution File, Format Version 12.00
# Visual Studio Version 17
VisualStudioVersion = 17.5.002.0
MinimumVisualStudioVersion = 10.0.40219.1
Project("{9A19103F-16F7-4668-BE54-9A1E7A4F7556}") = "InteractivStory", "InteractivStory.csproj", "{7980341C-447E-4119-83D8-B32C7D1EB2CD}"
EndProject
Global
	GlobalSection(SolutionConfigurationPlatforms) = preSolution
		Debug|Any CPU = Debug|Any CPU
		Release|Any CPU = Release|Any CPU
	EndGlobalSection
	GlobalSection(ProjectConfigurationPlatforms) = postSolution
		{7980341C-447E-4119-83D8-B32C7D1EB2CD}.Debug|Any CPU.ActiveCfg = Debug|Any CPU
		{7980341C-447E-4119-83D8-B32C7D1EB2CD}.Debug|Any CPU.Build.0 = Debug|Any CPU
		{7980341C-447E-4119-83D8-B32C7D1EB2CD}.Release|Any CPU.ActiveCfg = Release|Any CPU
		{7980341C-447E-4119-83D8-B32C7D1EB2CD}.Release|Any CPU.Build.0 = Release|Any CPU
	EndGlobalSection
	GlobalSection(SolutionProperties) = preSolution
		HideSolutionNode = FALSE
	EndGlobalSection
	GlobalSection(ExtensibilityGlobals) = postSolution
		SolutionGuid = {9CD26D61-4BEF-4FC5-A317-A48870681563}
	EndGlobalSection
EndGlobal
