
Microsoft Visual Studio Solution File, Format Version 12.00
# Visual Studio Version 17
VisualStudioVersion = 17.5.002.0
MinimumVisualStudioVersion = 10.0.40219.1
Project("{9A19103F-16F7-4668-BE54-9A1E7A4F7556}") = "ListorInförProv", "ListorInförProv.csproj", "{A360B5CF-51AF-47A4-9EF3-B9B7C28C1B11}"
EndProject
Global
	GlobalSection(SolutionConfigurationPlatforms) = preSolution
		Debug|Any CPU = Debug|Any CPU
		Release|Any CPU = Release|Any CPU
	EndGlobalSection
	GlobalSection(ProjectConfigurationPlatforms) = postSolution
		{A360B5CF-51AF-47A4-9EF3-B9B7C28C1B11}.Debug|Any CPU.ActiveCfg = Debug|Any CPU
		{A360B5CF-51AF-47A4-9EF3-B9B7C28C1B11}.Debug|Any CPU.Build.0 = Debug|Any CPU
		{A360B5CF-51AF-47A4-9EF3-B9B7C28C1B11}.Release|Any CPU.ActiveCfg = Release|Any CPU
		{A360B5CF-51AF-47A4-9EF3-B9B7C28C1B11}.Release|Any CPU.Build.0 = Release|Any CPU
	EndGlobalSection
	GlobalSection(SolutionProperties) = preSolution
		HideSolutionNode = FALSE
	EndGlobalSection
	GlobalSection(ExtensibilityGlobals) = postSolution
		SolutionGuid = {852E450F-6B68-4664-8473-58267ACF8B1D}
	EndGlobalSection
EndGlobal
