
Microsoft Visual Studio Solution File, Format Version 12.00
# Visual Studio Version 17
VisualStudioVersion = 17.5.002.0
MinimumVisualStudioVersion = 10.0.40219.1
Project("{9A19103F-16F7-4668-BE54-9A1E7A4F7556}") = "GissaTalet2", "GissaTalet2.csproj", "{5F4FE7CE-68FB-412F-8680-26B576BBF796}"
EndProject
Global
	GlobalSection(SolutionConfigurationPlatforms) = preSolution
		Debug|Any CPU = Debug|Any CPU
		Release|Any CPU = Release|Any CPU
	EndGlobalSection
	GlobalSection(ProjectConfigurationPlatforms) = postSolution
		{5F4FE7CE-68FB-412F-8680-26B576BBF796}.Debug|Any CPU.ActiveCfg = Debug|Any CPU
		{5F4FE7CE-68FB-412F-8680-26B576BBF796}.Debug|Any CPU.Build.0 = Debug|Any CPU
		{5F4FE7CE-68FB-412F-8680-26B576BBF796}.Release|Any CPU.ActiveCfg = Release|Any CPU
		{5F4FE7CE-68FB-412F-8680-26B576BBF796}.Release|Any CPU.Build.0 = Release|Any CPU
	EndGlobalSection
	GlobalSection(SolutionProperties) = preSolution
		HideSolutionNode = FALSE
	EndGlobalSection
	GlobalSection(ExtensibilityGlobals) = postSolution
		SolutionGuid = {49901715-29E2-4705-A5D9-5DEEFF0156BD}
	EndGlobalSection
EndGlobal
